
Microsoft Visual Studio Solution File, Format Version 12.00
# Visual Studio Version 17
VisualStudioVersion = 17.10.34916.146
MinimumVisualStudioVersion = 10.0.40219.1
Project("{FAE04EC0-301F-11D3-BF4B-00C04F79EFBC}") = "WebApplication12", "WebApplication12\WebApplication12.csproj", "{ABEACD16-DB8C-418B-A947-B8FC1E8AA57F}"
EndProject
Global
	GlobalSection(SolutionConfigurationPlatforms) = preSolution
		Debug|Any CPU = Debug|Any CPU
		Release|Any CPU = Release|Any CPU
	EndGlobalSection
	GlobalSection(ProjectConfigurationPlatforms) = postSolution
		{ABEACD16-DB8C-418B-A947-B8FC1E8AA57F}.Debug|Any CPU.ActiveCfg = Debug|Any CPU
		{ABEACD16-DB8C-418B-A947-B8FC1E8AA57F}.Debug|Any CPU.Build.0 = Debug|Any CPU
		{ABEACD16-DB8C-418B-A947-B8FC1E8AA57F}.Release|Any CPU.ActiveCfg = Release|Any CPU
		{ABEACD16-DB8C-418B-A947-B8FC1E8AA57F}.Release|Any CPU.Build.0 = Release|Any CPU
	EndGlobalSection
	GlobalSection(SolutionProperties) = preSolution
		HideSolutionNode = FALSE
	EndGlobalSection
	GlobalSection(ExtensibilityGlobals) = postSolution
		SolutionGuid = {466B9476-E263-464B-BBC3-145967A64869}
	EndGlobalSection
EndGlobal
